
Microsoft Visual Studio Solution File, Format Version 12.00
# Visual Studio Version 17
VisualStudioVersion = 17.11.35312.102
MinimumVisualStudioVersion = 10.0.40219.1
Project("{9A19103F-16F7-4668-BE54-9A1E7A4F7556}") = "UShop.Service.User.Application", "UShop.Services.User.Application\UShop.Service.User.Application.csproj", "{D9404DB1-878B-41FB-A776-81D8B0E4EE4A}"
EndProject
Project("{9A19103F-16F7-4668-BE54-9A1E7A4F7556}") = "UShop.Services.User.Domain", "UShop.Services.User.Domain\UShop.Services.User.Domain.csproj", "{71CA8BEE-83EF-4EAE-A4C7-87B8732177EB}"
EndProject
Project("{9A19103F-16F7-4668-BE54-9A1E7A4F7556}") = "UShop.Services.User.Infrastructure", "UShop.Services.User.Infrastructure\UShop.Services.User.Infrastructure.csproj", "{747C5E8F-DF5D-4DCD-BF47-589EEBC69E46}"
EndProject
Project("{9A19103F-16F7-4668-BE54-9A1E7A4F7556}") = "UShop.Services.User.Api", "UShop.Services.User.Api\UShop.Services.User.Api.csproj", "{2487D948-761E-42DE-8B8B-1AC72AC6BBBE}"
EndProject
Project("{2150E333-8FDC-42A3-9474-1A3956D46DE8}") = "UShop.Service.User", "UShop.Service.User", "{7B0E823C-D537-4F1E-8910-499E12BDB428}"
EndProject
Project("{2150E333-8FDC-42A3-9474-1A3956D46DE8}") = "UShop.Shared", "UShop.Shared", "{DDF72614-E5E8-45FE-B0E7-3FF0BDA85041}"
EndProject
Project("{9A19103F-16F7-4668-BE54-9A1E7A4F7556}") = "UShop.Shared.Common", "UShop.Shared.Common\UShop.Shared.Common.csproj", "{3DB5546E-7D41-44A6-A464-8B6B93BBB5C4}"
EndProject
Global
	GlobalSection(SolutionConfigurationPlatforms) = preSolution
		Debug|Any CPU = Debug|Any CPU
		Debug|x64 = Debug|x64
		Debug|x86 = Debug|x86
		Release|Any CPU = Release|Any CPU
		Release|x64 = Release|x64
		Release|x86 = Release|x86
	EndGlobalSection
	GlobalSection(ProjectConfigurationPlatforms) = postSolution
		{D9404DB1-878B-41FB-A776-81D8B0E4EE4A}.Debug|Any CPU.ActiveCfg = Debug|Any CPU
		{D9404DB1-878B-41FB-A776-81D8B0E4EE4A}.Debug|Any CPU.Build.0 = Debug|Any CPU
		{D9404DB1-878B-41FB-A776-81D8B0E4EE4A}.Debug|x64.ActiveCfg = Debug|Any CPU
		{D9404DB1-878B-41FB-A776-81D8B0E4EE4A}.Debug|x64.Build.0 = Debug|Any CPU
		{D9404DB1-878B-41FB-A776-81D8B0E4EE4A}.Debug|x86.ActiveCfg = Debug|Any CPU
		{D9404DB1-878B-41FB-A776-81D8B0E4EE4A}.Debug|x86.Build.0 = Debug|Any CPU
		{D9404DB1-878B-41FB-A776-81D8B0E4EE4A}.Release|Any CPU.ActiveCfg = Release|Any CPU
		{D9404DB1-878B-41FB-A776-81D8B0E4EE4A}.Release|Any CPU.Build.0 = Release|Any CPU
		{D9404DB1-878B-41FB-A776-81D8B0E4EE4A}.Release|x64.ActiveCfg = Release|Any CPU
		{D9404DB1-878B-41FB-A776-81D8B0E4EE4A}.Release|x64.Build.0 = Release|Any CPU
		{D9404DB1-878B-41FB-A776-81D8B0E4EE4A}.Release|x86.ActiveCfg = Release|Any CPU
		{D9404DB1-878B-41FB-A776-81D8B0E4EE4A}.Release|x86.Build.0 = Release|Any CPU
		{71CA8BEE-83EF-4EAE-A4C7-87B8732177EB}.Debug|Any CPU.ActiveCfg = Debug|Any CPU
		{71CA8BEE-83EF-4EAE-A4C7-87B8732177EB}.Debug|Any CPU.Build.0 = Debug|Any CPU
		{71CA8BEE-83EF-4EAE-A4C7-87B8732177EB}.Debug|x64.ActiveCfg = Debug|Any CPU
		{71CA8BEE-83EF-4EAE-A4C7-87B8732177EB}.Debug|x64.Build.0 = Debug|Any CPU
		{71CA8BEE-83EF-4EAE-A4C7-87B8732177EB}.Debug|x86.ActiveCfg = Debug|Any CPU
		{71CA8BEE-83EF-4EAE-A4C7-87B8732177EB}.Debug|x86.Build.0 = Debug|Any CPU
		{71CA8BEE-83EF-4EAE-A4C7-87B8732177EB}.Release|Any CPU.ActiveCfg = Release|Any CPU
		{71CA8BEE-83EF-4EAE-A4C7-87B8732177EB}.Release|Any CPU.Build.0 = Release|Any CPU
		{71CA8BEE-83EF-4EAE-A4C7-87B8732177EB}.Release|x64.ActiveCfg = Release|Any CPU
		{71CA8BEE-83EF-4EAE-A4C7-87B8732177EB}.Release|x64.Build.0 = Release|Any CPU
		{71CA8BEE-83EF-4EAE-A4C7-87B8732177EB}.Release|x86.ActiveCfg = Release|Any CPU
		{71CA8BEE-83EF-4EAE-A4C7-87B8732177EB}.Release|x86.Build.0 = Release|Any CPU
		{747C5E8F-DF5D-4DCD-BF47-589EEBC69E46}.Debug|Any CPU.ActiveCfg = Debug|Any CPU
		{747C5E8F-DF5D-4DCD-BF47-589EEBC69E46}.Debug|Any CPU.Build.0 = Debug|Any CPU
		{747C5E8F-DF5D-4DCD-BF47-589EEBC69E46}.Debug|x64.ActiveCfg = Debug|Any CPU
		{747C5E8F-DF5D-4DCD-BF47-589EEBC69E46}.Debug|x64.Build.0 = Debug|Any CPU
		{747C5E8F-DF5D-4DCD-BF47-589EEBC69E46}.Debug|x86.ActiveCfg = Debug|Any CPU
		{747C5E8F-DF5D-4DCD-BF47-589EEBC69E46}.Debug|x86.Build.0 = Debug|Any CPU
		{747C5E8F-DF5D-4DCD-BF47-589EEBC69E46}.Release|Any CPU.ActiveCfg = Release|Any CPU
		{747C5E8F-DF5D-4DCD-BF47-589EEBC69E46}.Release|Any CPU.Build.0 = Release|Any CPU
		{747C5E8F-DF5D-4DCD-BF47-589EEBC69E46}.Release|x64.ActiveCfg = Release|Any CPU
		{747C5E8F-DF5D-4DCD-BF47-589EEBC69E46}.Release|x64.Build.0 = Release|Any CPU
		{747C5E8F-DF5D-4DCD-BF47-589EEBC69E46}.Release|x86.ActiveCfg = Release|Any CPU
		{747C5E8F-DF5D-4DCD-BF47-589EEBC69E46}.Release|x86.Build.0 = Release|Any CPU
		{2487D948-761E-42DE-8B8B-1AC72AC6BBBE}.Debug|Any CPU.ActiveCfg = Debug|Any CPU
		{2487D948-761E-42DE-8B8B-1AC72AC6BBBE}.Debug|Any CPU.Build.0 = Debug|Any CPU
		{2487D948-761E-42DE-8B8B-1AC72AC6BBBE}.Debug|x64.ActiveCfg = Debug|Any CPU
		{2487D948-761E-42DE-8B8B-1AC72AC6BBBE}.Debug|x64.Build.0 = Debug|Any CPU
		{2487D948-761E-42DE-8B8B-1AC72AC6BBBE}.Debug|x86.ActiveCfg = Debug|Any CPU
		{2487D948-761E-42DE-8B8B-1AC72AC6BBBE}.Debug|x86.Build.0 = Debug|Any CPU
		{2487D948-761E-42DE-8B8B-1AC72AC6BBBE}.Release|Any CPU.ActiveCfg = Release|Any CPU
		{2487D948-761E-42DE-8B8B-1AC72AC6BBBE}.Release|Any CPU.Build.0 = Release|Any CPU
		{2487D948-761E-42DE-8B8B-1AC72AC6BBBE}.Release|x64.ActiveCfg = Release|Any CPU
		{2487D948-761E-42DE-8B8B-1AC72AC6BBBE}.Release|x64.Build.0 = Release|Any CPU
		{2487D948-761E-42DE-8B8B-1AC72AC6BBBE}.Release|x86.ActiveCfg = Release|Any CPU
		{2487D948-761E-42DE-8B8B-1AC72AC6BBBE}.Release|x86.Build.0 = Release|Any CPU
		{3DB5546E-7D41-44A6-A464-8B6B93BBB5C4}.Debug|Any CPU.ActiveCfg = Debug|Any CPU
		{3DB5546E-7D41-44A6-A464-8B6B93BBB5C4}.Debug|Any CPU.Build.0 = Debug|Any CPU
		{3DB5546E-7D41-44A6-A464-8B6B93BBB5C4}.Debug|x64.ActiveCfg = Debug|Any CPU
		{3DB5546E-7D41-44A6-A464-8B6B93BBB5C4}.Debug|x64.Build.0 = Debug|Any CPU
		{3DB5546E-7D41-44A6-A464-8B6B93BBB5C4}.Debug|x86.ActiveCfg = Debug|Any CPU
		{3DB5546E-7D41-44A6-A464-8B6B93BBB5C4}.Debug|x86.Build.0 = Debug|Any CPU
		{3DB5546E-7D41-44A6-A464-8B6B93BBB5C4}.Release|Any CPU.ActiveCfg = Release|Any CPU
		{3DB5546E-7D41-44A6-A464-8B6B93BBB5C4}.Release|Any CPU.Build.0 = Release|Any CPU
		{3DB5546E-7D41-44A6-A464-8B6B93BBB5C4}.Release|x64.ActiveCfg = Release|Any CPU
		{3DB5546E-7D41-44A6-A464-8B6B93BBB5C4}.Release|x64.Build.0 = Release|Any CPU
		{3DB5546E-7D41-44A6-A464-8B6B93BBB5C4}.Release|x86.ActiveCfg = Release|Any CPU
		{3DB5546E-7D41-44A6-A464-8B6B93BBB5C4}.Release|x86.Build.0 = Release|Any CPU
	EndGlobalSection
	GlobalSection(SolutionProperties) = preSolution
		HideSolutionNode = FALSE
	EndGlobalSection
	GlobalSection(NestedProjects) = preSolution
		{D9404DB1-878B-41FB-A776-81D8B0E4EE4A} = {7B0E823C-D537-4F1E-8910-499E12BDB428}
		{71CA8BEE-83EF-4EAE-A4C7-87B8732177EB} = {7B0E823C-D537-4F1E-8910-499E12BDB428}
		{747C5E8F-DF5D-4DCD-BF47-589EEBC69E46} = {7B0E823C-D537-4F1E-8910-499E12BDB428}
		{2487D948-761E-42DE-8B8B-1AC72AC6BBBE} = {7B0E823C-D537-4F1E-8910-499E12BDB428}
		{3DB5546E-7D41-44A6-A464-8B6B93BBB5C4} = {DDF72614-E5E8-45FE-B0E7-3FF0BDA85041}
	EndGlobalSection
	GlobalSection(ExtensibilityGlobals) = postSolution
		SolutionGuid = {71156917-4121-43BC-B096-B3E4049CF868}
	EndGlobalSection
EndGlobal
